
Microsoft Visual Studio Solution File, Format Version 12.00
# Visual Studio Version 17
VisualStudioVersion = 17.8.34330.188
MinimumVisualStudioVersion = 10.0.40219.1
Project("{8BC9CEB8-8B4A-11D0-8D11-00A0C91BC942}") = "overallCsgoInternal", "overallCsgoInternal.vcxproj", "{E30E7533-9C0C-4E87-9761-A3E2A7693BCC}"
EndProject
Global
	GlobalSection(SolutionConfigurationPlatforms) = preSolution
		Debug|x64 = Debug|x64
		Debug|x86 = Debug|x86
		Release|x64 = Release|x64
		Release|x86 = Release|x86
	EndGlobalSection
	GlobalSection(ProjectConfigurationPlatforms) = postSolution
		{E30E7533-9C0C-4E87-9761-A3E2A7693BCC}.Debug|x64.ActiveCfg = Debug|x64
		{E30E7533-9C0C-4E87-9761-A3E2A7693BCC}.Debug|x64.Build.0 = Debug|x64
		{E30E7533-9C0C-4E87-9761-A3E2A7693BCC}.Debug|x86.ActiveCfg = Debug|Win32
		{E30E7533-9C0C-4E87-9761-A3E2A7693BCC}.Debug|x86.Build.0 = Debug|Win32
		{E30E7533-9C0C-4E87-9761-A3E2A7693BCC}.Release|x64.ActiveCfg = Release|x64
		{E30E7533-9C0C-4E87-9761-A3E2A7693BCC}.Release|x64.Build.0 = Release|x64
		{E30E7533-9C0C-4E87-9761-A3E2A7693BCC}.Release|x86.ActiveCfg = Release|Win32
		{E30E7533-9C0C-4E87-9761-A3E2A7693BCC}.Release|x86.Build.0 = Release|Win32
	EndGlobalSection
	GlobalSection(SolutionProperties) = preSolution
		HideSolutionNode = FALSE
	EndGlobalSection
	GlobalSection(ExtensibilityGlobals) = postSolution
		SolutionGuid = {69505DF4-80C9-4BAB-9109-709071D6F5AB}
	EndGlobalSection
EndGlobal
